
Microsoft Visual Studio Solution File, Format Version 12.00
# Visual Studio Version 17
VisualStudioVersion = 17.4.33403.182
MinimumVisualStudioVersion = 10.0.40219.1
Project("{FAE04EC0-301F-11D3-BF4B-00C04F79EFBC}") = "PayMe", "PayMe\PayMe.csproj", "{77044C46-E373-4B83-902F-ED08E75870CB}"
EndProject
Global
	GlobalSection(SolutionConfigurationPlatforms) = preSolution
		Debug|Any CPU = Debug|Any CPU
		Release|Any CPU = Release|Any CPU
	EndGlobalSection
	GlobalSection(ProjectConfigurationPlatforms) = postSolution
		{77044C46-E373-4B83-902F-ED08E75870CB}.Debug|Any CPU.ActiveCfg = Debug|Any CPU
		{77044C46-E373-4B83-902F-ED08E75870CB}.Debug|Any CPU.Build.0 = Debug|Any CPU
		{77044C46-E373-4B83-902F-ED08E75870CB}.Release|Any CPU.ActiveCfg = Release|Any CPU
		{77044C46-E373-4B83-902F-ED08E75870CB}.Release|Any CPU.Build.0 = Release|Any CPU
	EndGlobalSection
	GlobalSection(SolutionProperties) = preSolution
		HideSolutionNode = FALSE
	EndGlobalSection
	GlobalSection(ExtensibilityGlobals) = postSolution
		SolutionGuid = {754FF0F2-2AE2-4884-88EB-9A14AA06474F}
	EndGlobalSection
EndGlobal
